
Microsoft Visual Studio Solution File, Format Version 12.00
# Visual Studio Version 16
VisualStudioVersion = 16.0.29009.5
MinimumVisualStudioVersion = 10.0.40219.1
Project("{FAE04EC0-301F-11D3-BF4B-00C04F79EFBC}") = "Crossword", "Crossword.csproj", "{56E725F9-3F96-47F2-9917-40505B7A01D5}"
EndProject
Global
	GlobalSection(SolutionConfigurationPlatforms) = preSolution
		Debug|Any CPU = Debug|Any CPU
		Release|Any CPU = Release|Any CPU
	EndGlobalSection
	GlobalSection(ProjectConfigurationPlatforms) = postSolution
		{56E725F9-3F96-47F2-9917-40505B7A01D5}.Debug|Any CPU.ActiveCfg = Debug|Any CPU
		{56E725F9-3F96-47F2-9917-40505B7A01D5}.Debug|Any CPU.Build.0 = Debug|Any CPU
		{56E725F9-3F96-47F2-9917-40505B7A01D5}.Release|Any CPU.ActiveCfg = Release|Any CPU
		{56E725F9-3F96-47F2-9917-40505B7A01D5}.Release|Any CPU.Build.0 = Release|Any CPU
	EndGlobalSection
	GlobalSection(SolutionProperties) = preSolution
		HideSolutionNode = FALSE
	EndGlobalSection
	GlobalSection(ExtensibilityGlobals) = postSolution
		SolutionGuid = {2DE836B8-758F-4FF3-9754-5C74CBDC3645}
	EndGlobalSection
EndGlobal
